// !$*UTF8*$!
{
	archiveVersion = 1;
	classes = {
	};
	objectVersion = 50;
	objects = {

/* Begin PBXBuildFile section */
		500B18F020F91E0D00399FF4 /* AppDelegate.swift in Sources */ = {isa = PBXBuildFile; fileRef = 500B18EF20F91E0D00399FF4 /* AppDelegate.swift */; };
		500B18F220F91E0D00399FF4 /* ViewController.swift in Sources */ = {isa = PBXBuildFile; fileRef = 500B18F120F91E0D00399FF4 /* ViewController.swift */; };
		500B18F520F91E0D00399FF4 /* Main.storyboard in Resources */ = {isa = PBXBuildFile; fileRef = 500B18F320F91E0D00399FF4 /* Main.storyboard */; };
		500B18F820F91E0D00399FF4 /* TedHomeWorkEx4.xcdatamodeld in Sources */ = {isa = PBXBuildFile; fileRef = 500B18F620F91E0D00399FF4 /* TedHomeWorkEx4.xcdatamodeld */; };
		500B18FA20F91E0E00399FF4 /* Assets.xcassets in Resources */ = {isa = PBXBuildFile; fileRef = 500B18F920F91E0E00399FF4 /* Assets.xcassets */; };
		500B18FD20F91E0E00399FF4 /* LaunchScreen.storyboard in Resources */ = {isa = PBXBuildFile; fileRef = 500B18FB20F91E0E00399FF4 /* LaunchScreen.storyboard */; };
/* End PBXBuildFile section */

/* Begin PBXFileReference section */
		500B18EC20F91E0D00399FF4 /* TedHomeWorkEx4.app */ = {isa = PBXFileReference; explicitFileType = wrapper.application; includeInIndex = 0; path = TedHomeWorkEx4.app; sourceTree = BUILT_PRODUCTS_DIR; };
		500B18EF20F91E0D00399FF4 /* AppDelegate.swift */ = {isa = PBXFileReference; lastKnownFileType = sourcecode.swift; path = AppDelegate.swift; sourceTree = "<group>"; };
		500B18F120F91E0D00399FF4 /* ViewController.swift */ = {isa = PBXFileReference; lastKnownFileType = sourcecode.swift; path = ViewController.swift; sourceTree = "<group>"; };
		500B18F420F91E0D00399FF4 /* Base */ = {isa = PBXFileReference; lastKnownFileType = file.storyboard; name = Base; path = Base.lproj/Main.storyboard; sourceTree = "<group>"; };
		500B18F720F91E0D00399FF4 /* TedHomeWorkEx4.xcdatamodel */ = {isa = PBXFileReference; lastKnownFileType = wrapper.xcdatamodel; path = TedHomeWorkEx4.xcdatamodel; sourceTree = "<group>"; };
		500B18F920F91E0E00399FF4 /* Assets.xcassets */ = {isa = PBXFileReference; lastKnownFileType = folder.assetcatalog; path = Assets.xcassets; sourceTree = "<group>"; };
		500B18FC20F91E0E00399FF4 /* Base */ = {isa = PBXFileReference; lastKnownFileType = file.storyboard; name = Base; path = Base.lproj/LaunchScreen.storyboard; sourceTree = "<group>"; };
		500B18FE20F91E0E00399FF4 /* Info.plist */ = {isa = PBXFileReference; lastKnownFileType = text.plist.xml; path = Info.plist; sourceTree = "<group>"; };
/* End PBXFileReference section */

/* Begin PBXFrameworksBuildPhase section */
		500B18E920F91E0D00399FF4 /* Frameworks */ = {
			isa = PBXFrameworksBuildPhase;
			buildActionMask = 2147483647;
			files = (
			);
			runOnlyForDeploymentPostprocessing = 0;
		};
/* End PBXFrameworksBuildPhase section */

/* Begin PBXGroup section */
		500B18E320F91E0D00399FF4 = {
			isa = PBXGroup;
			children = (
				500B18EE20F91E0D00399FF4 /* TedHomeWorkEx4 */,
				500B18ED20F91E0D00399FF4 /* Products */,
			);
			sourceTree = "<group>";
		};
		500B18ED20F91E0D00399FF4 /* Products */ = {
			isa = PBXGroup;
			children = (
				500B18EC20F91E0D00399FF4 /* TedHomeWorkEx4.app */,
			);
			name = Products;
			sourceTree = "<group>";
		};
		500B18EE20F91E0D00399FF4 /* TedHomeWorkEx4 */ = {
			isa = PBXGroup;
			children = (
				500B18EF20F91E0D00399FF4 /* AppDelegate.swift */,
				500B18F120F91E0D00399FF4 /* ViewController.swift */,
				500B18F320F91E0D00399FF4 /* Main.storyboard */,
				500B18F920F91E0E00399FF4 /* Assets.xcassets */,
				500B18FB20F91E0E00399FF4 /* LaunchScreen.storyboard */,
				500B18FE20F91E0E00399FF4 /* Info.plist */,
				500B18F620F91E0D00399FF4 /* TedHomeWorkEx4.xcdatamodeld */,
			);
			path = TedHomeWorkEx4;
			sourceTree = "<group>";
		};
/* End PBXGroup section */

/* Begin PBXNativeTarget section */
		500B18EB20F91E0D00399FF4 /* TedHomeWorkEx4 */ = {
			isa = PBXNativeTarget;
			buildConfigurationList = 500B190120F91E0E00399FF4 /* Build configuration list for PBXNativeTarget "TedHomeWorkEx4" */;
			buildPhases = (
				500B18E820F91E0D00399FF4 /* Sources */,
				500B18E920F91E0D00399FF4 /* Frameworks */,
				500B18EA20F91E0D00399FF4 /* Resources */,
			);
			buildRules = (
			);
			dependencies = (
			);
			name = TedHomeWorkEx4;
			productName = TedHomeWorkEx4;
			productReference = 500B18EC20F91E0D00399FF4 /* TedHomeWorkEx4.app */;
			productType = "com.apple.product-type.application";
		};
/* End PBXNativeTarget section */

/* Begin PBXProject section */
		500B18E420F91E0D00399FF4 /* Project object */ = {
			isa = PBXProject;
			attributes = {
				LastSwiftUpdateCheck = 1000;
				LastUpgradeCheck = 1000;
				ORGANIZATIONNAME = Ted;
				TargetAttributes = {
					500B18EB20F91E0D00399FF4 = {
						CreatedOnToolsVersion = 10.0;
					};
				};
			};
			buildConfigurationList = 500B18E720F91E0D00399FF4 /* Build configuration list for PBXProject "TedHomeWorkEx4" */;
			compatibilityVersion = "Xcode 9.3";
			developmentRegion = en;
			hasScannedForEncodings = 0;
			knownRegions = (
				en,
				Base,
			);
			mainGroup = 500B18E320F91E0D00399FF4;
			productRefGroup = 500B18ED20F91E0D00399FF4 /* Products */;
			projectDirPath = "";
			projectRoot = "";
			targets = (
				500B18EB20F91E0D00399FF4 /* TedHomeWorkEx4 */,
			);
		};
/* End PBXProject section */

/* Begin PBXResourcesBuildPhase section */
		500B18EA20F91E0D00399FF4 /* Resources */ = {
			isa = PBXResourcesBuildPhase;
			buildActionMask = 2147483647;
			files = (
				500B18FD20F91E0E00399FF4 /* LaunchScreen.storyboard in Resources */,
				500B18FA20F91E0E00399FF4 /* Assets.xcassets in Resources */,
				500B18F520F91E0D00399FF4 /* Main.storyboard in Resources */,
			);
			runOnlyForDeploymentPostprocessing = 0;
		};
/* End PBXResourcesBuildPhase section */

/* Begin PBXSourcesBuildPhase section */
		500B18E820F91E0D00399FF4 /* Sources */ = {
			isa = PBXSourcesBuildPhase;
			buildActionMask = 2147483647;
			files = (
				500B18F820F91E0D00399FF4 /* TedHomeWorkEx4.xcdatamodeld in Sources */,
				500B18F220F91E0D00399FF4 /* ViewController.swift in Sources */,
				500B18F020F91E0D00399FF4 /* AppDelegate.swift in Sources */,
			);
			runOnlyForDeploymentPostprocessing = 0;
		};
/* End PBXSourcesBuildPhase section */

/* Begin PBXVariantGroup section */
		500B18F320F91E0D00399FF4 /* Main.storyboard */ = {
			isa = PBXVariantGroup;
			children = (
				500B18F420F91E0D00399FF4 /* Base */,
			);
			name = Main.storyboard;
			sourceTree = "<group>";
		};
		500B18FB20F91E0E00399FF4 /* LaunchScreen.storyboard */ = {
			isa = PBXVariantGroup;
			children = (
				500B18FC20F91E0E00399FF4 /* Base */,
			);
			name = LaunchScreen.storyboard;
			sourceTree = "<group>";
		};
/* End PBXVariantGroup section */

/* Begin XCBuildConfiguration section */
		500B18FF20F91E0E00399FF4 /* Debug */ = {
			isa = XCBuildConfiguration;
			buildSettings = {
				ALWAYS_SEARCH_USER_PATHS = NO;
				CLANG_ANALYZER_NONNULL = YES;
				CLANG_ANALYZER_NUMBER_OBJECT_CONVERSION = YES_AGGRESSIVE;
				CLANG_CXX_LANGUAGE_STANDARD = "gnu++14";
				CLANG_CXX_LIBRARY = "libc++";
				CLANG_ENABLE_MODULES = YES;
				CLANG_ENABLE_OBJC_ARC = YES;
				CLANG_ENABLE_OBJC_WEAK = YES;
				CLANG_WARN_BLOCK_CAPTURE_AUTORELEASING = YES;
				CLANG_WARN_BOOL_CONVERSION = YES;
				CLANG_WARN_COMMA = YES;
				CLANG_WARN_CONSTANT_CONVERSION = YES;
				CLANG_WARN_DEPRECATED_OBJC_IMPLEMENTATIONS = YES;
				CLANG_WARN_DIRECT_OBJC_ISA_USAGE = YES_ERROR;
				CLANG_WARN_DOCUMENTATION_COMMENTS = YES;
				CLANG_WARN_EMPTY_BODY = YES;
				CLANG_WARN_ENUM_CONVERSION = YES;
				CLANG_WARN_INFINITE_RECURSION = YES;
				CLANG_WARN_INT_CONVERSION = YES;
				CLANG_WARN_NON_LITERAL_NULL_CONVERSION = YES;
				CLANG_WARN_OBJC_IMPLICIT_RETAIN_SELF = YES;
				CLANG_WARN_OBJC_LITERAL_CONVERSION = YES;
				CLANG_WARN_OBJC_ROOT_CLASS = YES_ERROR;
				CLANG_WARN_RANGE_LOOP_ANALYSIS = YES;
				CLANG_WARN_STRICT_PROTOTYPES = YES;
				CLANG_WARN_SUSPICIOUS_MOVE = YES;
				CLANG_WARN_UNGUARDED_AVAILABILITY = YES_AGGRESSIVE;
				CLANG_WARN_UNREACHABLE_CODE = YES;
				CLANG_WARN__DUPLICATE_METHOD_MATCH = YES;
				CODE_SIGN_IDENTITY = "iPhone Developer";
				COPY_PHASE_STRIP = NO;
				DEBUG_INFORMATION_FORMAT = dwarf;
				ENABLE_STRICT_OBJC_MSGSEND = YES;
				ENABLE_TESTABILITY = YES;
				GCC_C_LANGUAGE_STANDARD = gnu11;
				GCC_DYNAMIC_NO_PIC = NO;
				GCC_NO_COMMON_BLOCKS = YES;
				GCC_OPTIMIZATION_LEVEL = 0;
				GCC_PREPROCESSOR_DEFINITIONS = (
					"DEBUG=1",
					"$(inherited)",
				);
				GCC_WARN_64_TO_32_BIT_CONVERSION = YES;
				GCC_WARN_ABOUT_RETURN_TYPE = YES_ERROR;
				GCC_WARN_UNDECLARED_SELECTOR = YES;
				GCC_WARN_UNINITIALIZED_AUTOS = YES_AGGRESSIVE;
				GCC_WARN_UNUSED_FUNCTION = YES;
				GCC_WARN_UNUSED_VARIABLE = YES;
				IPHONEOS_DEPLOYMENT_TARGET = 12.0;
				MTL_ENABLE_DEBUG_INFO = INCLUDE_SOURCE;
				MTL_FAST_MATH = YES;
				ONLY_ACTIVE_ARCH = YES;
				SDKROOT = iphoneos;
				SWIFT_ACTIVE_COMPILATION_CONDITIONS = DEBUG;
				SWIFT_OPTIMIZATION_LEVEL = "-Onone";
			};
			name = Debug;
		};
		500B190020F91E0E00399FF4 /* Release */ = {
			isa = XCBuildConfiguration;
			buildSettings = {
				ALWAYS_SEARCH_USER_PATHS = NO;
				CLANG_ANALYZER_NONNULL = YES;
				CLANG_ANALYZER_NUMBER_OBJECT_CONVERSION = YES_AGGRESSIVE;
				CLANG_CXX_LANGUAGE_STANDARD = "gnu++14";
				CLANG_CXX_LIBRARY = "libc++";
				CLANG_ENABLE_MODULES = YES;
				CLANG_ENABLE_OBJC_ARC = YES;
				CLANG_ENABLE_OBJC_WEAK = YES;
				CLANG_WARN_BLOCK_CAPTURE_AUTORELEASING = YES;
				CLANG_WARN_BOOL_CONVERSION = YES;
				CLANG_WARN_COMMA = YES;
				CLANG_WARN_CONSTANT_CONVERSION = YES;
				CLANG_WARN_DEPRECATED_OBJC_IMPLEMENTATIONS = YES;
				CLANG_WARN_DIRECT_OBJC_ISA_USAGE = YES_ERROR;
				CLANG_WARN_DOCUMENTATION_COMMENTS = YES;
				CLANG_WARN_EMPTY_BODY = YES;
				CLANG_WARN_ENUM_CONVERSION = YES;
				CLANG_WARN_INFINITE_RECURSION = YES;
				CLANG_WARN_INT_CONVERSION = YES;
				CLANG_WARN_NON_LITERAL_NULL_CONVERSION = YES;
				CLANG_WARN_OBJC_IMPLICIT_RETAIN_SELF = YES;
				CLANG_WARN_OBJC_LITERAL_CONVERSION = YES;
				CLANG_WARN_OBJC_ROOT_CLASS = YES_ERROR;
				CLANG_WARN_RANGE_LOOP_ANALYSIS = YES;
				CLANG_WARN_STRICT_PROTOTYPES = YES;
				CLANG_WARN_SUSPICIOUS_MOVE = YES;
				CLANG_WARN_UNGUARDED_AVAILABILITY = YES_AGGRESSIVE;
				CLANG_WARN_UNREACHABLE_CODE = YES;
				CLANG_WARN__DUPLICATE_METHOD_MATCH = YES;
				CODE_SIGN_IDENTITY = "iPhone Developer";
				COPY_PHASE_STRIP = NO;
				DEBUG_INFORMATION_FORMAT = "dwarf-with-dsym";
				ENABLE_NS_ASSERTIONS = NO;
				ENABLE_STRICT_OBJC_MSGSEND = YES;
				GCC_C_LANGUAGE_STANDARD = gnu11;
				GCC_NO_COMMON_BLOCKS = YES;
				GCC_WARN_64_TO_32_BIT_CONVERSION = YES;
				GCC_WARN_ABOUT_RETURN_TYPE = YES_ERROR;
				GCC_WARN_UNDECLARED_SELECTOR = YES;
				GCC_WARN_UNINITIALIZED_AUTOS = YES_AGGRESSIVE;
				GCC_WARN_UNUSED_FUNCTION = YES;
				GCC_WARN_UNUSED_VARIABLE = YES;
				IPHONEOS_DEPLOYMENT_TARGET = 12.0;
				MTL_ENABLE_DEBUG_INFO = NO;
				MTL_FAST_MATH = YES;
				SDKROOT = iphoneos;
				SWIFT_COMPILATION_MODE = wholemodule;
				SWIFT_OPTIMIZATION_LEVEL = "-O";
				VALIDATE_PRODUCT = YES;
			};
			name = Release;
		};
		500B190220F91E0E00399FF4 /* Debug */ = {
			isa = XCBuildConfiguration;
			buildSettings = {
				ASSETCATALOG_COMPILER_APPICON_NAME = AppIcon;
				CODE_SIGN_STYLE = Automatic;
				INFOPLIST_FILE = TedHomeWorkEx4/Info.plist;
				LD_RUNPATH_SEARCH_PATHS = (
					"$(inherited)",
					"@executable_path/Frameworks",
				);
				PRODUCT_BUNDLE_IDENTIFIER = test.TedHomeWorkEx.TedHomeWorkEx4;
				PRODUCT_NAME = "$(TARGET_NAME)";
				SWIFT_VERSION = 4.2;
				TARGETED_DEVICE_FAMILY = "1,2";
			};
			name = Debug;
		};
		500B190320F91E0E00399FF4 /* Release */ = {
			isa = XCBuildConfiguration;
			buildSettings = {
				ASSETCATALOG_COMPILER_APPICON_NAME = AppIcon;
				CODE_SIGN_STYLE = Automatic;
				INFOPLIST_FILE = TedHomeWorkEx4/Info.plist;
				LD_RUNPATH_SEARCH_PATHS = (
					"$(inherited)",
					"@executable_path/Frameworks",
				);
				PRODUCT_BUNDLE_IDENTIFIER = test.TedHomeWorkEx.TedHomeWorkEx4;
				PRODUCT_NAME = "$(TARGET_NAME)";
				SWIFT_VERSION = 4.2;
				TARGETED_DEVICE_FAMILY = "1,2";
			};
			name = Release;
		};
/* End XCBuildConfiguration section */

/* Begin XCConfigurationList section */
		500B18E720F91E0D00399FF4 /* Build configuration list for PBXProject "TedHomeWorkEx4" */ = {
			isa = XCConfigurationList;
			buildConfigurations = (
				500B18FF20F91E0E00399FF4 /* Debug */,
				500B190020F91E0E00399FF4 /* Release */,
			);
			defaultConfigurationIsVisible = 0;
			defaultConfigurationName = Release;
		};
		500B190120F91E0E00399FF4 /* Build configuration list for PBXNativeTarget "TedHomeWorkEx4" */ = {
			isa = XCConfigurationList;
			buildConfigurations = (
				500B190220F91E0E00399FF4 /* Debug */,
				500B190320F91E0E00399FF4 /* Release */,
			);
			defaultConfigurationIsVisible = 0;
			defaultConfigurationName = Release;
		};
/* End XCConfigurationList section */

/* Begin XCVersionGroup section */
		500B18F620F91E0D00399FF4 /* TedHomeWorkEx4.xcdatamodeld */ = {
			isa = XCVersionGroup;
			children = (
				500B18F720F91E0D00399FF4 /* TedHomeWorkEx4.xcdatamodel */,
			);
			currentVersion = 500B18F720F91E0D00399FF4 /* TedHomeWorkEx4.xcdatamodel */;
			path = TedHomeWorkEx4.xcdatamodeld;
			sourceTree = "<group>";
			versionGroupType = wrapper.xcdatamodel;
		};
/* End XCVersionGroup section */
	};
	rootObject = 500B18E420F91E0D00399FF4 /* Project object */;
}
